
Microsoft Visual Studio Solution File, Format Version 12.00
# Visual Studio 14
VisualStudioVersion = 14.0.23107.0
MinimumVisualStudioVersion = 10.0.40219.1
Project("{FAE04EC0-301F-11D3-BF4B-00C04F79EFBC}") = "Task1.SimplePage", "Task1.SimplePage\Task1.SimplePage.csproj", "{C99DB37A-5078-4C83-9382-DD7EF4CD293C}"
EndProject
Project("{FAE04EC0-301F-11D3-BF4B-00C04F79EFBC}") = "Task2.AssemblyLocation", "Task2.AssemblyLocation\Task2.AssemblyLocation.csproj", "{6A6146E5-561C-4F77-913B-E213A13C766E}"
EndProject
Project("{FAE04EC0-301F-11D3-BF4B-00C04F79EFBC}") = "Task3.Events", "Task3.Events\Task3.Events.csproj", "{D84A8DDD-71F3-4E72-B30F-B95A37304053}"
EndProject
Global
	GlobalSection(SolutionConfigurationPlatforms) = preSolution
		Debug|Any CPU = Debug|Any CPU
		Release|Any CPU = Release|Any CPU
	EndGlobalSection
	GlobalSection(ProjectConfigurationPlatforms) = postSolution
		{C99DB37A-5078-4C83-9382-DD7EF4CD293C}.Debug|Any CPU.ActiveCfg = Debug|Any CPU
		{C99DB37A-5078-4C83-9382-DD7EF4CD293C}.Debug|Any CPU.Build.0 = Debug|Any CPU
		{C99DB37A-5078-4C83-9382-DD7EF4CD293C}.Release|Any CPU.ActiveCfg = Release|Any CPU
		{C99DB37A-5078-4C83-9382-DD7EF4CD293C}.Release|Any CPU.Build.0 = Release|Any CPU
		{6A6146E5-561C-4F77-913B-E213A13C766E}.Debug|Any CPU.ActiveCfg = Debug|Any CPU
		{6A6146E5-561C-4F77-913B-E213A13C766E}.Debug|Any CPU.Build.0 = Debug|Any CPU
		{6A6146E5-561C-4F77-913B-E213A13C766E}.Release|Any CPU.ActiveCfg = Release|Any CPU
		{6A6146E5-561C-4F77-913B-E213A13C766E}.Release|Any CPU.Build.0 = Release|Any CPU
		{D84A8DDD-71F3-4E72-B30F-B95A37304053}.Debug|Any CPU.ActiveCfg = Debug|Any CPU
		{D84A8DDD-71F3-4E72-B30F-B95A37304053}.Debug|Any CPU.Build.0 = Debug|Any CPU
		{D84A8DDD-71F3-4E72-B30F-B95A37304053}.Release|Any CPU.ActiveCfg = Release|Any CPU
		{D84A8DDD-71F3-4E72-B30F-B95A37304053}.Release|Any CPU.Build.0 = Release|Any CPU
	EndGlobalSection
	GlobalSection(SolutionProperties) = preSolution
		HideSolutionNode = FALSE
	EndGlobalSection
EndGlobal
