
Microsoft Visual Studio Solution File, Format Version 12.00
# Visual Studio 14
VisualStudioVersion = 14.0.23107.0
MinimumVisualStudioVersion = 10.0.40219.1
Project("{FAE04EC0-301F-11D3-BF4B-00C04F79EFBC}") = "Task1.RandomHttpControls", "Task1.RandomHttpControls\Task1.RandomHttpControls.csproj", "{B9D1B02A-DF7C-4890-903C-8E10C7F0D120}"
EndProject
Project("{FAE04EC0-301F-11D3-BF4B-00C04F79EFBC}") = "Task1.RandomWebControls", "Task1.RandomWebControls\Task1.RandomWebControls.csproj", "{CF6704FE-2465-49F3-8B6C-5F3D5EFFBBA2}"
EndProject
Project("{FAE04EC0-301F-11D3-BF4B-00C04F79EFBC}") = "Task2.Escaping", "Task2.Escaping\Task2.Escaping.csproj", "{C75BA61F-24D4-4130-B002-F83F9E23A97F}"
EndProject
Global
	GlobalSection(SolutionConfigurationPlatforms) = preSolution
		Debug|Any CPU = Debug|Any CPU
		Release|Any CPU = Release|Any CPU
	EndGlobalSection
	GlobalSection(ProjectConfigurationPlatforms) = postSolution
		{B9D1B02A-DF7C-4890-903C-8E10C7F0D120}.Debug|Any CPU.ActiveCfg = Debug|Any CPU
		{B9D1B02A-DF7C-4890-903C-8E10C7F0D120}.Debug|Any CPU.Build.0 = Debug|Any CPU
		{B9D1B02A-DF7C-4890-903C-8E10C7F0D120}.Release|Any CPU.ActiveCfg = Release|Any CPU
		{B9D1B02A-DF7C-4890-903C-8E10C7F0D120}.Release|Any CPU.Build.0 = Release|Any CPU
		{CF6704FE-2465-49F3-8B6C-5F3D5EFFBBA2}.Debug|Any CPU.ActiveCfg = Debug|Any CPU
		{CF6704FE-2465-49F3-8B6C-5F3D5EFFBBA2}.Debug|Any CPU.Build.0 = Debug|Any CPU
		{CF6704FE-2465-49F3-8B6C-5F3D5EFFBBA2}.Release|Any CPU.ActiveCfg = Release|Any CPU
		{CF6704FE-2465-49F3-8B6C-5F3D5EFFBBA2}.Release|Any CPU.Build.0 = Release|Any CPU
		{C75BA61F-24D4-4130-B002-F83F9E23A97F}.Debug|Any CPU.ActiveCfg = Debug|Any CPU
		{C75BA61F-24D4-4130-B002-F83F9E23A97F}.Debug|Any CPU.Build.0 = Debug|Any CPU
		{C75BA61F-24D4-4130-B002-F83F9E23A97F}.Release|Any CPU.ActiveCfg = Release|Any CPU
		{C75BA61F-24D4-4130-B002-F83F9E23A97F}.Release|Any CPU.Build.0 = Release|Any CPU
	EndGlobalSection
	GlobalSection(SolutionProperties) = preSolution
		HideSolutionNode = FALSE
	EndGlobalSection
EndGlobal
